
Microsoft Visual Studio Solution File, Format Version 12.00
# Visual Studio Version 17
VisualStudioVersion = 17.11.35327.3
MinimumVisualStudioVersion = 10.0.40219.1
Project("{FAE04EC0-301F-11D3-BF4B-00C04F79EFBC}") = "programa 6", "programa 6\programa 6.csproj", "{7FEA6788-F6A9-46C7-9099-82E79FDC02B9}"
EndProject
Global
	GlobalSection(SolutionConfigurationPlatforms) = preSolution
		Debug|Any CPU = Debug|Any CPU
		Release|Any CPU = Release|Any CPU
	EndGlobalSection
	GlobalSection(ProjectConfigurationPlatforms) = postSolution
		{7FEA6788-F6A9-46C7-9099-82E79FDC02B9}.Debug|Any CPU.ActiveCfg = Debug|Any CPU
		{7FEA6788-F6A9-46C7-9099-82E79FDC02B9}.Debug|Any CPU.Build.0 = Debug|Any CPU
		{7FEA6788-F6A9-46C7-9099-82E79FDC02B9}.Release|Any CPU.ActiveCfg = Release|Any CPU
		{7FEA6788-F6A9-46C7-9099-82E79FDC02B9}.Release|Any CPU.Build.0 = Release|Any CPU
	EndGlobalSection
	GlobalSection(SolutionProperties) = preSolution
		HideSolutionNode = FALSE
	EndGlobalSection
	GlobalSection(ExtensibilityGlobals) = postSolution
		SolutionGuid = {09D673B0-6379-4C6B-8809-35D66A3EB929}
	EndGlobalSection
EndGlobal
