
Microsoft Visual Studio Solution File, Format Version 12.00
# Visual Studio Version 17
VisualStudioVersion = 17.11.35327.3
MinimumVisualStudioVersion = 10.0.40219.1
Project("{FAE04EC0-301F-11D3-BF4B-00C04F79EFBC}") = "proyecto 10", "proyecto 10\proyecto 10.csproj", "{FB0AFB0F-A7AA-483F-B8C7-E71220AD6D49}"
EndProject
Global
	GlobalSection(SolutionConfigurationPlatforms) = preSolution
		Debug|Any CPU = Debug|Any CPU
		Release|Any CPU = Release|Any CPU
	EndGlobalSection
	GlobalSection(ProjectConfigurationPlatforms) = postSolution
		{FB0AFB0F-A7AA-483F-B8C7-E71220AD6D49}.Debug|Any CPU.ActiveCfg = Debug|Any CPU
		{FB0AFB0F-A7AA-483F-B8C7-E71220AD6D49}.Debug|Any CPU.Build.0 = Debug|Any CPU
		{FB0AFB0F-A7AA-483F-B8C7-E71220AD6D49}.Release|Any CPU.ActiveCfg = Release|Any CPU
		{FB0AFB0F-A7AA-483F-B8C7-E71220AD6D49}.Release|Any CPU.Build.0 = Release|Any CPU
	EndGlobalSection
	GlobalSection(SolutionProperties) = preSolution
		HideSolutionNode = FALSE
	EndGlobalSection
	GlobalSection(ExtensibilityGlobals) = postSolution
		SolutionGuid = {DC950CB8-F4A9-453C-B43F-DB497491A52B}
	EndGlobalSection
EndGlobal
