
Microsoft Visual Studio Solution File, Format Version 12.00
# Visual Studio Version 17
VisualStudioVersion = 17.11.35327.3
MinimumVisualStudioVersion = 10.0.40219.1
Project("{FAE04EC0-301F-11D3-BF4B-00C04F79EFBC}") = "Programa 4", "Programa 4\Programa 4.csproj", "{B49C7462-C01F-4E38-92E8-9E057EB62E05}"
EndProject
Global
	GlobalSection(SolutionConfigurationPlatforms) = preSolution
		Debug|Any CPU = Debug|Any CPU
		Release|Any CPU = Release|Any CPU
	EndGlobalSection
	GlobalSection(ProjectConfigurationPlatforms) = postSolution
		{B49C7462-C01F-4E38-92E8-9E057EB62E05}.Debug|Any CPU.ActiveCfg = Debug|Any CPU
		{B49C7462-C01F-4E38-92E8-9E057EB62E05}.Debug|Any CPU.Build.0 = Debug|Any CPU
		{B49C7462-C01F-4E38-92E8-9E057EB62E05}.Release|Any CPU.ActiveCfg = Release|Any CPU
		{B49C7462-C01F-4E38-92E8-9E057EB62E05}.Release|Any CPU.Build.0 = Release|Any CPU
	EndGlobalSection
	GlobalSection(SolutionProperties) = preSolution
		HideSolutionNode = FALSE
	EndGlobalSection
	GlobalSection(ExtensibilityGlobals) = postSolution
		SolutionGuid = {192B45C1-0EC7-457A-8AF2-23B299E40719}
	EndGlobalSection
EndGlobal
