
Microsoft Visual Studio Solution File, Format Version 12.00
# Visual Studio Version 17
VisualStudioVersion = 17.11.35327.3
MinimumVisualStudioVersion = 10.0.40219.1
Project("{FAE04EC0-301F-11D3-BF4B-00C04F79EFBC}") = "programa 9", "programa 9\programa 9.csproj", "{54B13CF4-7C1E-4879-ADCC-8E0ADFB7E27E}"
EndProject
Global
	GlobalSection(SolutionConfigurationPlatforms) = preSolution
		Debug|Any CPU = Debug|Any CPU
		Release|Any CPU = Release|Any CPU
	EndGlobalSection
	GlobalSection(ProjectConfigurationPlatforms) = postSolution
		{54B13CF4-7C1E-4879-ADCC-8E0ADFB7E27E}.Debug|Any CPU.ActiveCfg = Debug|Any CPU
		{54B13CF4-7C1E-4879-ADCC-8E0ADFB7E27E}.Debug|Any CPU.Build.0 = Debug|Any CPU
		{54B13CF4-7C1E-4879-ADCC-8E0ADFB7E27E}.Release|Any CPU.ActiveCfg = Release|Any CPU
		{54B13CF4-7C1E-4879-ADCC-8E0ADFB7E27E}.Release|Any CPU.Build.0 = Release|Any CPU
	EndGlobalSection
	GlobalSection(SolutionProperties) = preSolution
		HideSolutionNode = FALSE
	EndGlobalSection
	GlobalSection(ExtensibilityGlobals) = postSolution
		SolutionGuid = {86825C04-A04D-437C-8D29-58CFCE391A8B}
	EndGlobalSection
EndGlobal
