
Microsoft Visual Studio Solution File, Format Version 12.00
# Visual Studio Version 17
VisualStudioVersion = 17.11.35327.3
MinimumVisualStudioVersion = 10.0.40219.1
Project("{FAE04EC0-301F-11D3-BF4B-00C04F79EFBC}") = "practica 12", "practica 12\practica 12.csproj", "{B946D64E-78D6-4F72-A43B-83124A071704}"
EndProject
Global
	GlobalSection(SolutionConfigurationPlatforms) = preSolution
		Debug|Any CPU = Debug|Any CPU
		Release|Any CPU = Release|Any CPU
	EndGlobalSection
	GlobalSection(ProjectConfigurationPlatforms) = postSolution
		{B946D64E-78D6-4F72-A43B-83124A071704}.Debug|Any CPU.ActiveCfg = Debug|Any CPU
		{B946D64E-78D6-4F72-A43B-83124A071704}.Debug|Any CPU.Build.0 = Debug|Any CPU
		{B946D64E-78D6-4F72-A43B-83124A071704}.Release|Any CPU.ActiveCfg = Release|Any CPU
		{B946D64E-78D6-4F72-A43B-83124A071704}.Release|Any CPU.Build.0 = Release|Any CPU
	EndGlobalSection
	GlobalSection(SolutionProperties) = preSolution
		HideSolutionNode = FALSE
	EndGlobalSection
	GlobalSection(ExtensibilityGlobals) = postSolution
		SolutionGuid = {B710F329-FE2C-4AE7-80B0-B0E9F532C8C9}
	EndGlobalSection
EndGlobal
