
Microsoft Visual Studio Solution File, Format Version 12.00
# Visual Studio Version 17
VisualStudioVersion = 17.11.35327.3
MinimumVisualStudioVersion = 10.0.40219.1
Project("{FAE04EC0-301F-11D3-BF4B-00C04F79EFBC}") = "proyecto 1", "proyecto 1\proyecto 1.csproj", "{5586BD97-9CCF-4434-A9D1-AC0EC151428D}"
EndProject
Global
	GlobalSection(SolutionConfigurationPlatforms) = preSolution
		Debug|Any CPU = Debug|Any CPU
		Release|Any CPU = Release|Any CPU
	EndGlobalSection
	GlobalSection(ProjectConfigurationPlatforms) = postSolution
		{5586BD97-9CCF-4434-A9D1-AC0EC151428D}.Debug|Any CPU.ActiveCfg = Debug|Any CPU
		{5586BD97-9CCF-4434-A9D1-AC0EC151428D}.Debug|Any CPU.Build.0 = Debug|Any CPU
		{5586BD97-9CCF-4434-A9D1-AC0EC151428D}.Release|Any CPU.ActiveCfg = Release|Any CPU
		{5586BD97-9CCF-4434-A9D1-AC0EC151428D}.Release|Any CPU.Build.0 = Release|Any CPU
	EndGlobalSection
	GlobalSection(SolutionProperties) = preSolution
		HideSolutionNode = FALSE
	EndGlobalSection
	GlobalSection(ExtensibilityGlobals) = postSolution
		SolutionGuid = {7B22E011-E134-40DD-8F7B-78D84950E51B}
	EndGlobalSection
EndGlobal
